// !$*UTF8*$!
{
	archiveVersion = 1;
	classes = {
	};
	objectVersion = 51;
	objects = {

/* Begin PBXBuildFile section */
		58083BC223DDEB6700D11675 /* CocktailsListModel.swift in Sources */ = {isa = PBXBuildFile; fileRef = 58083BC123DDEB6700D11675 /* CocktailsListModel.swift */; };
		581360EB23E0CBC800C9C4B5 /* CategoryForSelectModel.swift in Sources */ = {isa = PBXBuildFile; fileRef = 581360EA23E0CBC800C9C4B5 /* CategoryForSelectModel.swift */; };
		581E802C23DDAE22009E9E34 /* MoyaAPI.swift in Sources */ = {isa = PBXBuildFile; fileRef = 581E802B23DDAE22009E9E34 /* MoyaAPI.swift */; };
		581E802F23DDCD9B009E9E34 /* CoctailsCategoryModel.swift in Sources */ = {isa = PBXBuildFile; fileRef = 581E802E23DDCD9B009E9E34 /* CoctailsCategoryModel.swift */; };
		581E803123DDD47B009E9E34 /* CocktailsViewModel.swift in Sources */ = {isa = PBXBuildFile; fileRef = 581E803023DDD47B009E9E34 /* CocktailsViewModel.swift */; };
		5836550123DD96C2004D5540 /* AppDelegate.swift in Sources */ = {isa = PBXBuildFile; fileRef = 5836550023DD96C2004D5540 /* AppDelegate.swift */; };
		5836550323DD96C2004D5540 /* SceneDelegate.swift in Sources */ = {isa = PBXBuildFile; fileRef = 5836550223DD96C2004D5540 /* SceneDelegate.swift */; };
		5836550523DD96C2004D5540 /* CocktailsTableViewController.swift in Sources */ = {isa = PBXBuildFile; fileRef = 5836550423DD96C2004D5540 /* CocktailsTableViewController.swift */; };
		5836550823DD96C2004D5540 /* Main.storyboard in Resources */ = {isa = PBXBuildFile; fileRef = 5836550623DD96C2004D5540 /* Main.storyboard */; };
		5836550A23DD96C5004D5540 /* Assets.xcassets in Resources */ = {isa = PBXBuildFile; fileRef = 5836550923DD96C5004D5540 /* Assets.xcassets */; };
		5836550D23DD96C5004D5540 /* LaunchScreen.storyboard in Resources */ = {isa = PBXBuildFile; fileRef = 5836550B23DD96C5004D5540 /* LaunchScreen.storyboard */; };
		589F9C9C23E0538800D4703E /* CategoriesFilterViewController.swift in Sources */ = {isa = PBXBuildFile; fileRef = 589F9C9B23E0538800D4703E /* CategoriesFilterViewController.swift */; };
		589F9CA323E0577600D4703E /* CocktailsTableViewCell.swift in Sources */ = {isa = PBXBuildFile; fileRef = 589F9CA123E0577600D4703E /* CocktailsTableViewCell.swift */; };
		589F9CA423E0577600D4703E /* CocktailsTableViewCell.xib in Resources */ = {isa = PBXBuildFile; fileRef = 589F9CA223E0577600D4703E /* CocktailsTableViewCell.xib */; };
		589F9CA923E06D7400D4703E /* image_placeholder.png in Resources */ = {isa = PBXBuildFile; fileRef = 589F9CA823E06D7400D4703E /* image_placeholder.png */; };
		589F9CAB23E08CAF00D4703E /* filter_icon.png in Resources */ = {isa = PBXBuildFile; fileRef = 589F9CAA23E08CAF00D4703E /* filter_icon.png */; };
		589F9CAE23E0912400D4703E /* CategoriesTableViewCell.swift in Sources */ = {isa = PBXBuildFile; fileRef = 589F9CAC23E0912400D4703E /* CategoriesTableViewCell.swift */; };
		58A1737F23E1029800E38155 /* ViewControllerExtension.swift in Sources */ = {isa = PBXBuildFile; fileRef = 58A1737E23E1029800E38155 /* ViewControllerExtension.swift */; };
		58A1738223E19D4000E38155 /* Storage.swift in Sources */ = {isa = PBXBuildFile; fileRef = 58A1738123E19D4000E38155 /* Storage.swift */; };
		BB4D0FB90A93050E4E93D0FB /* Pods_Cocktail_DB.framework in Frameworks */ = {isa = PBXBuildFile; fileRef = 1AA771CB10EE1203A3B52730 /* Pods_Cocktail_DB.framework */; };
/* End PBXBuildFile section */

/* Begin PBXFileReference section */
		1AA771CB10EE1203A3B52730 /* Pods_Cocktail_DB.framework */ = {isa = PBXFileReference; explicitFileType = wrapper.framework; includeInIndex = 0; path = Pods_Cocktail_DB.framework; sourceTree = BUILT_PRODUCTS_DIR; };
		4CF9AA3B8F533C27A41E6EA5 /* Pods-Cocktail DB.release.xcconfig */ = {isa = PBXFileReference; includeInIndex = 1; lastKnownFileType = text.xcconfig; name = "Pods-Cocktail DB.release.xcconfig"; path = "Target Support Files/Pods-Cocktail DB/Pods-Cocktail DB.release.xcconfig"; sourceTree = "<group>"; };
		51600EFA225AAE50CD4DE47E /* Pods-Cocktail DB.debug.xcconfig */ = {isa = PBXFileReference; includeInIndex = 1; lastKnownFileType = text.xcconfig; name = "Pods-Cocktail DB.debug.xcconfig"; path = "Target Support Files/Pods-Cocktail DB/Pods-Cocktail DB.debug.xcconfig"; sourceTree = "<group>"; };
		58083BC123DDEB6700D11675 /* CocktailsListModel.swift */ = {isa = PBXFileReference; lastKnownFileType = sourcecode.swift; path = CocktailsListModel.swift; sourceTree = "<group>"; };
		581360EA23E0CBC800C9C4B5 /* CategoryForSelectModel.swift */ = {isa = PBXFileReference; lastKnownFileType = sourcecode.swift; path = CategoryForSelectModel.swift; sourceTree = "<group>"; };
		581E802B23DDAE22009E9E34 /* MoyaAPI.swift */ = {isa = PBXFileReference; lastKnownFileType = sourcecode.swift; path = MoyaAPI.swift; sourceTree = "<group>"; };
		581E802E23DDCD9B009E9E34 /* CoctailsCategoryModel.swift */ = {isa = PBXFileReference; lastKnownFileType = sourcecode.swift; path = CoctailsCategoryModel.swift; sourceTree = "<group>"; };
		581E803023DDD47B009E9E34 /* CocktailsViewModel.swift */ = {isa = PBXFileReference; lastKnownFileType = sourcecode.swift; path = CocktailsViewModel.swift; sourceTree = "<group>"; };
		583654FD23DD96C2004D5540 /* Cocktail DB.app */ = {isa = PBXFileReference; explicitFileType = wrapper.application; includeInIndex = 0; path = "Cocktail DB.app"; sourceTree = BUILT_PRODUCTS_DIR; };
		5836550023DD96C2004D5540 /* AppDelegate.swift */ = {isa = PBXFileReference; lastKnownFileType = sourcecode.swift; path = AppDelegate.swift; sourceTree = "<group>"; };
		5836550223DD96C2004D5540 /* SceneDelegate.swift */ = {isa = PBXFileReference; lastKnownFileType = sourcecode.swift; path = SceneDelegate.swift; sourceTree = "<group>"; };
		5836550423DD96C2004D5540 /* CocktailsTableViewController.swift */ = {isa = PBXFileReference; lastKnownFileType = sourcecode.swift; path = CocktailsTableViewController.swift; sourceTree = "<group>"; };
		5836550723DD96C2004D5540 /* Base */ = {isa = PBXFileReference; lastKnownFileType = file.storyboard; name = Base; path = Base.lproj/Main.storyboard; sourceTree = "<group>"; };
		5836550923DD96C5004D5540 /* Assets.xcassets */ = {isa = PBXFileReference; lastKnownFileType = folder.assetcatalog; path = Assets.xcassets; sourceTree = "<group>"; };
		5836550C23DD96C5004D5540 /* Base */ = {isa = PBXFileReference; lastKnownFileType = file.storyboard; name = Base; path = Base.lproj/LaunchScreen.storyboard; sourceTree = "<group>"; };
		5836550E23DD96C5004D5540 /* Info.plist */ = {isa = PBXFileReference; lastKnownFileType = text.plist.xml; path = Info.plist; sourceTree = "<group>"; };
		589F9C9B23E0538800D4703E /* CategoriesFilterViewController.swift */ = {isa = PBXFileReference; lastKnownFileType = sourcecode.swift; path = CategoriesFilterViewController.swift; sourceTree = "<group>"; };
		589F9CA123E0577600D4703E /* CocktailsTableViewCell.swift */ = {isa = PBXFileReference; lastKnownFileType = sourcecode.swift; path = CocktailsTableViewCell.swift; sourceTree = "<group>"; };
		589F9CA223E0577600D4703E /* CocktailsTableViewCell.xib */ = {isa = PBXFileReference; lastKnownFileType = file.xib; path = CocktailsTableViewCell.xib; sourceTree = "<group>"; };
		589F9CA823E06D7400D4703E /* image_placeholder.png */ = {isa = PBXFileReference; lastKnownFileType = image.png; path = image_placeholder.png; sourceTree = "<group>"; };
		589F9CAA23E08CAF00D4703E /* filter_icon.png */ = {isa = PBXFileReference; lastKnownFileType = image.png; path = filter_icon.png; sourceTree = "<group>"; };
		589F9CAC23E0912400D4703E /* CategoriesTableViewCell.swift */ = {isa = PBXFileReference; lastKnownFileType = sourcecode.swift; path = CategoriesTableViewCell.swift; sourceTree = "<group>"; };
		58A1737E23E1029800E38155 /* ViewControllerExtension.swift */ = {isa = PBXFileReference; lastKnownFileType = sourcecode.swift; path = ViewControllerExtension.swift; sourceTree = "<group>"; };
		58A1738123E19D4000E38155 /* Storage.swift */ = {isa = PBXFileReference; lastKnownFileType = sourcecode.swift; path = Storage.swift; sourceTree = "<group>"; };
/* End PBXFileReference section */

/* Begin PBXFrameworksBuildPhase section */
		583654FA23DD96C2004D5540 /* Frameworks */ = {
			isa = PBXFrameworksBuildPhase;
			buildActionMask = 2147483647;
			files = (
				BB4D0FB90A93050E4E93D0FB /* Pods_Cocktail_DB.framework in Frameworks */,
			);
			runOnlyForDeploymentPostprocessing = 0;
		};
/* End PBXFrameworksBuildPhase section */

/* Begin PBXGroup section */
		581E802823DDA826009E9E34 /* API */ = {
			isa = PBXGroup;
			children = (
				58A1738023E19D2F00E38155 /* db */,
				581E802A23DDAE07009E9E34 /* Moya */,
			);
			path = API;
			sourceTree = "<group>";
		};
		581E802A23DDAE07009E9E34 /* Moya */ = {
			isa = PBXGroup;
			children = (
				581E802B23DDAE22009E9E34 /* MoyaAPI.swift */,
			);
			path = Moya;
			sourceTree = "<group>";
		};
		583654F423DD96C2004D5540 = {
			isa = PBXGroup;
			children = (
				583654FF23DD96C2004D5540 /* Cocktail DB */,
				583654FE23DD96C2004D5540 /* Products */,
				D5830187FF28F728CF6BF13D /* Pods */,
				D3BAFE26D2B6FCFF14833B8F /* Frameworks */,
			);
			sourceTree = "<group>";
		};
		583654FE23DD96C2004D5540 /* Products */ = {
			isa = PBXGroup;
			children = (
				583654FD23DD96C2004D5540 /* Cocktail DB.app */,
			);
			name = Products;
			sourceTree = "<group>";
		};
		583654FF23DD96C2004D5540 /* Cocktail DB */ = {
			isa = PBXGroup;
			children = (
				5836550023DD96C2004D5540 /* AppDelegate.swift */,
				5836550923DD96C5004D5540 /* Assets.xcassets */,
				5836551423DD9737004D5540 /* Classes */,
				589F9CA523E06C9500D4703E /* Resources */,
				5836550223DD96C2004D5540 /* SceneDelegate.swift */,
				5836551823DD9784004D5540 /* Supporting Files */,
			);
			path = "Cocktail DB";
			sourceTree = "<group>";
		};
		5836551423DD9737004D5540 /* Classes */ = {
			isa = PBXGroup;
			children = (
				5836551523DD9741004D5540 /* Models */,
				5836551623DD9749004D5540 /* Views */,
				58D7C8D023DF76C40017AE91 /* ViewModels */,
				5836551723DD974E004D5540 /* Controllers */,
				581E802823DDA826009E9E34 /* API */,
				58A1737D23E1027800E38155 /* Extensions */,
			);
			path = Classes;
			sourceTree = "<group>";
		};
		5836551523DD9741004D5540 /* Models */ = {
			isa = PBXGroup;
			children = (
				581360EA23E0CBC800C9C4B5 /* CategoryForSelectModel.swift */,
				581E802E23DDCD9B009E9E34 /* CoctailsCategoryModel.swift */,
				58083BC123DDEB6700D11675 /* CocktailsListModel.swift */,
			);
			path = Models;
			sourceTree = "<group>";
		};
		5836551623DD9749004D5540 /* Views */ = {
			isa = PBXGroup;
			children = (
				589F9CAC23E0912400D4703E /* CategoriesTableViewCell.swift */,
				589F9CA123E0577600D4703E /* CocktailsTableViewCell.swift */,
				589F9CA223E0577600D4703E /* CocktailsTableViewCell.xib */,
				5836551923DD97B8004D5540 /* Storyboards */,
			);
			path = Views;
			sourceTree = "<group>";
		};
		5836551723DD974E004D5540 /* Controllers */ = {
			isa = PBXGroup;
			children = (
				589F9C9B23E0538800D4703E /* CategoriesFilterViewController.swift */,
				5836550423DD96C2004D5540 /* CocktailsTableViewController.swift */,
			);
			path = Controllers;
			sourceTree = "<group>";
		};
		5836551823DD9784004D5540 /* Supporting Files */ = {
			isa = PBXGroup;
			children = (
				5836550E23DD96C5004D5540 /* Info.plist */,
			);
			path = "Supporting Files";
			sourceTree = "<group>";
		};
		5836551923DD97B8004D5540 /* Storyboards */ = {
			isa = PBXGroup;
			children = (
				5836550623DD96C2004D5540 /* Main.storyboard */,
				5836550B23DD96C5004D5540 /* LaunchScreen.storyboard */,
			);
			path = Storyboards;
			sourceTree = "<group>";
		};
		589F9CA523E06C9500D4703E /* Resources */ = {
			isa = PBXGroup;
			children = (
				589F9CA723E06CDE00D4703E /* Fonts */,
				589F9CA623E06CCC00D4703E /* Images */,
			);
			path = Resources;
			sourceTree = "<group>";
		};
		589F9CA623E06CCC00D4703E /* Images */ = {
			isa = PBXGroup;
			children = (
				589F9CAA23E08CAF00D4703E /* filter_icon.png */,
				589F9CA823E06D7400D4703E /* image_placeholder.png */,
			);
			path = Images;
			sourceTree = "<group>";
		};
		589F9CA723E06CDE00D4703E /* Fonts */ = {
			isa = PBXGroup;
			children = (
			);
			path = Fonts;
			sourceTree = "<group>";
		};
		58A1737D23E1027800E38155 /* Extensions */ = {
			isa = PBXGroup;
			children = (
				58A1737E23E1029800E38155 /* ViewControllerExtension.swift */,
			);
			path = Extensions;
			sourceTree = "<group>";
		};
		58A1738023E19D2F00E38155 /* db */ = {
			isa = PBXGroup;
			children = (
				58A1738123E19D4000E38155 /* Storage.swift */,
			);
			path = db;
			sourceTree = "<group>";
		};
		58D7C8D023DF76C40017AE91 /* ViewModels */ = {
			isa = PBXGroup;
			children = (
				581E803023DDD47B009E9E34 /* CocktailsViewModel.swift */,
			);
			path = ViewModels;
			sourceTree = "<group>";
		};
		D3BAFE26D2B6FCFF14833B8F /* Frameworks */ = {
			isa = PBXGroup;
			children = (
				1AA771CB10EE1203A3B52730 /* Pods_Cocktail_DB.framework */,
			);
			name = Frameworks;
			sourceTree = "<group>";
		};
		D5830187FF28F728CF6BF13D /* Pods */ = {
			isa = PBXGroup;
			children = (
				51600EFA225AAE50CD4DE47E /* Pods-Cocktail DB.debug.xcconfig */,
				4CF9AA3B8F533C27A41E6EA5 /* Pods-Cocktail DB.release.xcconfig */,
			);
			path = Pods;
			sourceTree = "<group>";
		};
/* End PBXGroup section */

/* Begin PBXNativeTarget section */
		583654FC23DD96C2004D5540 /* Cocktail DB */ = {
			isa = PBXNativeTarget;
			buildConfigurationList = 5836551123DD96C5004D5540 /* Build configuration list for PBXNativeTarget "Cocktail DB" */;
			buildPhases = (
				AE0CA74253E1C279BA424D4B /* [CP] Check Pods Manifest.lock */,
				583654F923DD96C2004D5540 /* Sources */,
				583654FA23DD96C2004D5540 /* Frameworks */,
				583654FB23DD96C2004D5540 /* Resources */,
				7E50B79236B7382E11508046 /* [CP] Embed Pods Frameworks */,
			);
			buildRules = (
			);
			dependencies = (
			);
			name = "Cocktail DB";
			productName = "Cocktail DB";
			productReference = 583654FD23DD96C2004D5540 /* Cocktail DB.app */;
			productType = "com.apple.product-type.application";
		};
/* End PBXNativeTarget section */

/* Begin PBXProject section */
		583654F523DD96C2004D5540 /* Project object */ = {
			isa = PBXProject;
			attributes = {
				LastSwiftUpdateCheck = 1130;
				LastUpgradeCheck = 1130;
				ORGANIZATIONNAME = Vitaliy;
				TargetAttributes = {
					583654FC23DD96C2004D5540 = {
						CreatedOnToolsVersion = 11.3;
					};
				};
			};
			buildConfigurationList = 583654F823DD96C2004D5540 /* Build configuration list for PBXProject "Cocktail DB" */;
			compatibilityVersion = "Xcode 9.3";
			developmentRegion = en;
			hasScannedForEncodings = 0;
			knownRegions = (
				en,
				Base,
			);
			mainGroup = 583654F423DD96C2004D5540;
			productRefGroup = 583654FE23DD96C2004D5540 /* Products */;
			projectDirPath = "";
			projectRoot = "";
			targets = (
				583654FC23DD96C2004D5540 /* Cocktail DB */,
			);
		};
/* End PBXProject section */

/* Begin PBXResourcesBuildPhase section */
		583654FB23DD96C2004D5540 /* Resources */ = {
			isa = PBXResourcesBuildPhase;
			buildActionMask = 2147483647;
			files = (
				5836550D23DD96C5004D5540 /* LaunchScreen.storyboard in Resources */,
				5836550A23DD96C5004D5540 /* Assets.xcassets in Resources */,
				589F9CA923E06D7400D4703E /* image_placeholder.png in Resources */,
				5836550823DD96C2004D5540 /* Main.storyboard in Resources */,
				589F9CAB23E08CAF00D4703E /* filter_icon.png in Resources */,
				589F9CA423E0577600D4703E /* CocktailsTableViewCell.xib in Resources */,
			);
			runOnlyForDeploymentPostprocessing = 0;
		};
/* End PBXResourcesBuildPhase section */

/* Begin PBXShellScriptBuildPhase section */
		7E50B79236B7382E11508046 /* [CP] Embed Pods Frameworks */ = {
			isa = PBXShellScriptBuildPhase;
			buildActionMask = 2147483647;
			files = (
			);
			inputFileListPaths = (
				"${PODS_ROOT}/Target Support Files/Pods-Cocktail DB/Pods-Cocktail DB-frameworks-${CONFIGURATION}-input-files.xcfilelist",
			);
			name = "[CP] Embed Pods Frameworks";
			outputFileListPaths = (
				"${PODS_ROOT}/Target Support Files/Pods-Cocktail DB/Pods-Cocktail DB-frameworks-${CONFIGURATION}-output-files.xcfilelist",
			);
			runOnlyForDeploymentPostprocessing = 0;
			shellPath = /bin/sh;
			shellScript = "\"${PODS_ROOT}/Target Support Files/Pods-Cocktail DB/Pods-Cocktail DB-frameworks.sh\"\n";
			showEnvVarsInLog = 0;
		};
		AE0CA74253E1C279BA424D4B /* [CP] Check Pods Manifest.lock */ = {
			isa = PBXShellScriptBuildPhase;
			buildActionMask = 2147483647;
			files = (
			);
			inputFileListPaths = (
			);
			inputPaths = (
				"${PODS_PODFILE_DIR_PATH}/Podfile.lock",
				"${PODS_ROOT}/Manifest.lock",
			);
			name = "[CP] Check Pods Manifest.lock";
			outputFileListPaths = (
			);
			outputPaths = (
				"$(DERIVED_FILE_DIR)/Pods-Cocktail DB-checkManifestLockResult.txt",
			);
			runOnlyForDeploymentPostprocessing = 0;
			shellPath = /bin/sh;
			shellScript = "diff \"${PODS_PODFILE_DIR_PATH}/Podfile.lock\" \"${PODS_ROOT}/Manifest.lock\" > /dev/null\nif [ $? != 0 ] ; then\n    # print error to STDERR\n    echo \"error: The sandbox is not in sync with the Podfile.lock. Run 'pod install' or update your CocoaPods installation.\" >&2\n    exit 1\nfi\n# This output is used by Xcode 'outputs' to avoid re-running this script phase.\necho \"SUCCESS\" > \"${SCRIPT_OUTPUT_FILE_0}\"\n";
			showEnvVarsInLog = 0;
		};
/* End PBXShellScriptBuildPhase section */

/* Begin PBXSourcesBuildPhase section */
		583654F923DD96C2004D5540 /* Sources */ = {
			isa = PBXSourcesBuildPhase;
			buildActionMask = 2147483647;
			files = (
				58A1737F23E1029800E38155 /* ViewControllerExtension.swift in Sources */,
				58A1738223E19D4000E38155 /* Storage.swift in Sources */,
				581E802C23DDAE22009E9E34 /* MoyaAPI.swift in Sources */,
				5836550523DD96C2004D5540 /* CocktailsTableViewController.swift in Sources */,
				581E803123DDD47B009E9E34 /* CocktailsViewModel.swift in Sources */,
				5836550123DD96C2004D5540 /* AppDelegate.swift in Sources */,
				5836550323DD96C2004D5540 /* SceneDelegate.swift in Sources */,
				581E802F23DDCD9B009E9E34 /* CoctailsCategoryModel.swift in Sources */,
				58083BC223DDEB6700D11675 /* CocktailsListModel.swift in Sources */,
				581360EB23E0CBC800C9C4B5 /* CategoryForSelectModel.swift in Sources */,
				589F9C9C23E0538800D4703E /* CategoriesFilterViewController.swift in Sources */,
				589F9CA323E0577600D4703E /* CocktailsTableViewCell.swift in Sources */,
				589F9CAE23E0912400D4703E /* CategoriesTableViewCell.swift in Sources */,
			);
			runOnlyForDeploymentPostprocessing = 0;
		};
/* End PBXSourcesBuildPhase section */

/* Begin PBXVariantGroup section */
		5836550623DD96C2004D5540 /* Main.storyboard */ = {
			isa = PBXVariantGroup;
			children = (
				5836550723DD96C2004D5540 /* Base */,
			);
			name = Main.storyboard;
			sourceTree = "<group>";
		};
		5836550B23DD96C5004D5540 /* LaunchScreen.storyboard */ = {
			isa = PBXVariantGroup;
			children = (
				5836550C23DD96C5004D5540 /* Base */,
			);
			name = LaunchScreen.storyboard;
			sourceTree = "<group>";
		};
/* End PBXVariantGroup section */

/* Begin XCBuildConfiguration section */
		5836550F23DD96C5004D5540 /* Debug */ = {
			isa = XCBuildConfiguration;
			buildSettings = {
				ALWAYS_SEARCH_USER_PATHS = NO;
				CLANG_ANALYZER_NONNULL = YES;
				CLANG_ANALYZER_NUMBER_OBJECT_CONVERSION = YES_AGGRESSIVE;
				CLANG_CXX_LANGUAGE_STANDARD = "gnu++14";
				CLANG_CXX_LIBRARY = "libc++";
				CLANG_ENABLE_MODULES = YES;
				CLANG_ENABLE_OBJC_ARC = YES;
				CLANG_ENABLE_OBJC_WEAK = YES;
				CLANG_WARN_BLOCK_CAPTURE_AUTORELEASING = YES;
				CLANG_WARN_BOOL_CONVERSION = YES;
				CLANG_WARN_COMMA = YES;
				CLANG_WARN_CONSTANT_CONVERSION = YES;
				CLANG_WARN_DEPRECATED_OBJC_IMPLEMENTATIONS = YES;
				CLANG_WARN_DIRECT_OBJC_ISA_USAGE = YES_ERROR;
				CLANG_WARN_DOCUMENTATION_COMMENTS = YES;
				CLANG_WARN_EMPTY_BODY = YES;
				CLANG_WARN_ENUM_CONVERSION = YES;
				CLANG_WARN_INFINITE_RECURSION = YES;
				CLANG_WARN_INT_CONVERSION = YES;
				CLANG_WARN_NON_LITERAL_NULL_CONVERSION = YES;
				CLANG_WARN_OBJC_IMPLICIT_RETAIN_SELF = YES;
				CLANG_WARN_OBJC_LITERAL_CONVERSION = YES;
				CLANG_WARN_OBJC_ROOT_CLASS = YES_ERROR;
				CLANG_WARN_RANGE_LOOP_ANALYSIS = YES;
				CLANG_WARN_STRICT_PROTOTYPES = YES;
				CLANG_WARN_SUSPICIOUS_MOVE = YES;
				CLANG_WARN_UNGUARDED_AVAILABILITY = YES_AGGRESSIVE;
				CLANG_WARN_UNREACHABLE_CODE = YES;
				CLANG_WARN__DUPLICATE_METHOD_MATCH = YES;
				COPY_PHASE_STRIP = NO;
				DEBUG_INFORMATION_FORMAT = dwarf;
				ENABLE_STRICT_OBJC_MSGSEND = YES;
				ENABLE_TESTABILITY = YES;
				GCC_C_LANGUAGE_STANDARD = gnu11;
				GCC_DYNAMIC_NO_PIC = NO;
				GCC_NO_COMMON_BLOCKS = YES;
				GCC_OPTIMIZATION_LEVEL = 0;
				GCC_PREPROCESSOR_DEFINITIONS = (
					"DEBUG=1",
					"$(inherited)",
				);
				GCC_WARN_64_TO_32_BIT_CONVERSION = YES;
				GCC_WARN_ABOUT_RETURN_TYPE = YES_ERROR;
				GCC_WARN_UNDECLARED_SELECTOR = YES;
				GCC_WARN_UNINITIALIZED_AUTOS = YES_AGGRESSIVE;
				GCC_WARN_UNUSED_FUNCTION = YES;
				GCC_WARN_UNUSED_VARIABLE = YES;
				IPHONEOS_DEPLOYMENT_TARGET = 10.0;
				MTL_ENABLE_DEBUG_INFO = INCLUDE_SOURCE;
				MTL_FAST_MATH = YES;
				ONLY_ACTIVE_ARCH = YES;
				SDKROOT = iphoneos;
				SWIFT_ACTIVE_COMPILATION_CONDITIONS = DEBUG;
				SWIFT_OPTIMIZATION_LEVEL = "-Onone";
			};
			name = Debug;
		};
		5836551023DD96C5004D5540 /* Release */ = {
			isa = XCBuildConfiguration;
			buildSettings = {
				ALWAYS_SEARCH_USER_PATHS = NO;
				CLANG_ANALYZER_NONNULL = YES;
				CLANG_ANALYZER_NUMBER_OBJECT_CONVERSION = YES_AGGRESSIVE;
				CLANG_CXX_LANGUAGE_STANDARD = "gnu++14";
				CLANG_CXX_LIBRARY = "libc++";
				CLANG_ENABLE_MODULES = YES;
				CLANG_ENABLE_OBJC_ARC = YES;
				CLANG_ENABLE_OBJC_WEAK = YES;
				CLANG_WARN_BLOCK_CAPTURE_AUTORELEASING = YES;
				CLANG_WARN_BOOL_CONVERSION = YES;
				CLANG_WARN_COMMA = YES;
				CLANG_WARN_CONSTANT_CONVERSION = YES;
				CLANG_WARN_DEPRECATED_OBJC_IMPLEMENTATIONS = YES;
				CLANG_WARN_DIRECT_OBJC_ISA_USAGE = YES_ERROR;
				CLANG_WARN_DOCUMENTATION_COMMENTS = YES;
				CLANG_WARN_EMPTY_BODY = YES;
				CLANG_WARN_ENUM_CONVERSION = YES;
				CLANG_WARN_INFINITE_RECURSION = YES;
				CLANG_WARN_INT_CONVERSION = YES;
				CLANG_WARN_NON_LITERAL_NULL_CONVERSION = YES;
				CLANG_WARN_OBJC_IMPLICIT_RETAIN_SELF = YES;
				CLANG_WARN_OBJC_LITERAL_CONVERSION = YES;
				CLANG_WARN_OBJC_ROOT_CLASS = YES_ERROR;
				CLANG_WARN_RANGE_LOOP_ANALYSIS = YES;
				CLANG_WARN_STRICT_PROTOTYPES = YES;
				CLANG_WARN_SUSPICIOUS_MOVE = YES;
				CLANG_WARN_UNGUARDED_AVAILABILITY = YES_AGGRESSIVE;
				CLANG_WARN_UNREACHABLE_CODE = YES;
				CLANG_WARN__DUPLICATE_METHOD_MATCH = YES;
				COPY_PHASE_STRIP = NO;
				DEBUG_INFORMATION_FORMAT = "dwarf-with-dsym";
				ENABLE_NS_ASSERTIONS = NO;
				ENABLE_STRICT_OBJC_MSGSEND = YES;
				GCC_C_LANGUAGE_STANDARD = gnu11;
				GCC_NO_COMMON_BLOCKS = YES;
				GCC_WARN_64_TO_32_BIT_CONVERSION = YES;
				GCC_WARN_ABOUT_RETURN_TYPE = YES_ERROR;
				GCC_WARN_UNDECLARED_SELECTOR = YES;
				GCC_WARN_UNINITIALIZED_AUTOS = YES_AGGRESSIVE;
				GCC_WARN_UNUSED_FUNCTION = YES;
				GCC_WARN_UNUSED_VARIABLE = YES;
				IPHONEOS_DEPLOYMENT_TARGET = 10.0;
				MTL_ENABLE_DEBUG_INFO = NO;
				MTL_FAST_MATH = YES;
				SDKROOT = iphoneos;
				SWIFT_COMPILATION_MODE = wholemodule;
				SWIFT_OPTIMIZATION_LEVEL = "-O";
				VALIDATE_PRODUCT = YES;
			};
			name = Release;
		};
		5836551223DD96C5004D5540 /* Debug */ = {
			isa = XCBuildConfiguration;
			baseConfigurationReference = 51600EFA225AAE50CD4DE47E /* Pods-Cocktail DB.debug.xcconfig */;
			buildSettings = {
				ASSETCATALOG_COMPILER_APPICON_NAME = AppIcon;
				CODE_SIGN_STYLE = Automatic;
				DEVELOPMENT_TEAM = 45JNFF5WM9;
				INFOPLIST_FILE = "$(SRCROOT)/Cocktail DB/Supporting Files/Info.plist";
				IPHONEOS_DEPLOYMENT_TARGET = 10.0;
				LD_RUNPATH_SEARCH_PATHS = (
					"$(inherited)",
					"@executable_path/Frameworks",
				);
				PRODUCT_BUNDLE_IDENTIFIER = "com.Vitaliy.Cocktail-DB";
				PRODUCT_NAME = "$(TARGET_NAME)";
				SWIFT_VERSION = 5.0;
				TARGETED_DEVICE_FAMILY = "1,2";
			};
			name = Debug;
		};
		5836551323DD96C5004D5540 /* Release */ = {
			isa = XCBuildConfiguration;
			baseConfigurationReference = 4CF9AA3B8F533C27A41E6EA5 /* Pods-Cocktail DB.release.xcconfig */;
			buildSettings = {
				ASSETCATALOG_COMPILER_APPICON_NAME = AppIcon;
				CODE_SIGN_STYLE = Automatic;
				DEVELOPMENT_TEAM = 45JNFF5WM9;
				INFOPLIST_FILE = "$(SRCROOT)/Cocktail DB/Supporting Files/Info.plist";
				IPHONEOS_DEPLOYMENT_TARGET = 10.0;
				LD_RUNPATH_SEARCH_PATHS = (
					"$(inherited)",
					"@executable_path/Frameworks",
				);
				PRODUCT_BUNDLE_IDENTIFIER = "com.Vitaliy.Cocktail-DB";
				PRODUCT_NAME = "$(TARGET_NAME)";
				SWIFT_VERSION = 5.0;
				TARGETED_DEVICE_FAMILY = "1,2";
			};
			name = Release;
		};
/* End XCBuildConfiguration section */

/* Begin XCConfigurationList section */
		583654F823DD96C2004D5540 /* Build configuration list for PBXProject "Cocktail DB" */ = {
			isa = XCConfigurationList;
			buildConfigurations = (
				5836550F23DD96C5004D5540 /* Debug */,
				5836551023DD96C5004D5540 /* Release */,
			);
			defaultConfigurationIsVisible = 0;
			defaultConfigurationName = Release;
		};
		5836551123DD96C5004D5540 /* Build configuration list for PBXNativeTarget "Cocktail DB" */ = {
			isa = XCConfigurationList;
			buildConfigurations = (
				5836551223DD96C5004D5540 /* Debug */,
				5836551323DD96C5004D5540 /* Release */,
			);
			defaultConfigurationIsVisible = 0;
			defaultConfigurationName = Release;
		};
/* End XCConfigurationList section */
	};
	rootObject = 583654F523DD96C2004D5540 /* Project object */;
}
